
Microsoft Visual Studio Solution File, Format Version 12.00
# Visual Studio Version 17
VisualStudioVersion = 17.10.34928.147
MinimumVisualStudioVersion = 10.0.40219.1
Project("{2150E333-8FDC-42A3-9474-1A3956D46DE8}") = "Services", "Services", "{066C0F1D-42D8-4AF8-BCBC-6849B54CDD13}"
EndProject
Project("{2150E333-8FDC-42A3-9474-1A3956D46DE8}") = "Catalog", "Catalog", "{0FCBBA3D-6EB0-4EB2-8B84-36845C33C074}"
EndProject
Project("{9A19103F-16F7-4668-BE54-9A1E7A4F7556}") = "Catalog.API", "Services\Catalog\Catalog.API\Catalog.API.csproj", "{0B858295-DEBF-4E0E-B61F-9B3786BA454A}"
EndProject
Project("{2150E333-8FDC-42A3-9474-1A3956D46DE8}") = "BuildingBlocks", "BuildingBlocks", "{1B7A889C-6AB8-44DC-AD0F-241BC15ECEE1}"
EndProject
Project("{9A19103F-16F7-4668-BE54-9A1E7A4F7556}") = "BuildingBlocks", "BuildingBlocks\BuildingBlocks.csproj", "{08AD4806-B5F5-43D8-8E4C-33671ABB3C95}"
EndProject
Project("{E53339B2-1760-4266-BCC7-CA923CBCF16C}") = "docker-compose", "docker-compose.dcproj", "{45B2558D-9FE0-47CD-9BBD-4C3B3CBDB82C}"
EndProject
Project("{2150E333-8FDC-42A3-9474-1A3956D46DE8}") = "Basket", "Basket", "{2892F038-566D-4EF1-99CD-E5870C42E00F}"
EndProject
Project("{9A19103F-16F7-4668-BE54-9A1E7A4F7556}") = "Basket.API", "Services\Basket\Basket.API\Basket.API.csproj", "{51674AEC-4D29-4D8A-976D-1CACA510C1C3}"
EndProject
Project("{2150E333-8FDC-42A3-9474-1A3956D46DE8}") = "Discount", "Discount", "{BBBBDBEE-B3EB-463B-A342-A0FFBD745049}"
EndProject
Project("{9A19103F-16F7-4668-BE54-9A1E7A4F7556}") = "Discount.Grpc", "Services\Discount\Discount.Grpc\Discount.Grpc.csproj", "{B297C7EA-7B8E-4F38-BE77-E1D91D7D9001}"
EndProject
Project("{2150E333-8FDC-42A3-9474-1A3956D46DE8}") = "Ordering", "Ordering", "{D61E5954-5FBB-4A14-A0EE-B2BC257F8C77}"
EndProject
Project("{9A19103F-16F7-4668-BE54-9A1E7A4F7556}") = "Ordering.API", "Services\Ordering\Ordering.API\Ordering.API.csproj", "{5733B88C-C472-4BBA-B0B2-5BB789D458A0}"
EndProject
Project("{9A19103F-16F7-4668-BE54-9A1E7A4F7556}") = "Ordering.Domain", "Services\Ordering\Ordering.Domain\Ordering.Domain.csproj", "{BA525778-BB4B-4C56-8B4B-9635D51298A3}"
EndProject
Project("{9A19103F-16F7-4668-BE54-9A1E7A4F7556}") = "Ordering.Application", "Services\Ordering\Ordering.Application\Ordering.Application.csproj", "{16509866-FFAE-4C05-BC0F-CFE18DAE70B9}"
EndProject
Project("{9A19103F-16F7-4668-BE54-9A1E7A4F7556}") = "Ordering.Infrastructure", "Services\Ordering\Ordering.Infrastructure\Ordering.Infrastructure.csproj", "{02E0A6C0-D428-478A-9435-A92266EC8280}"
EndProject
Global
	GlobalSection(SolutionConfigurationPlatforms) = preSolution
		Debug|Any CPU = Debug|Any CPU
		Release|Any CPU = Release|Any CPU
	EndGlobalSection
	GlobalSection(ProjectConfigurationPlatforms) = postSolution
		{0B858295-DEBF-4E0E-B61F-9B3786BA454A}.Debug|Any CPU.ActiveCfg = Debug|Any CPU
		{0B858295-DEBF-4E0E-B61F-9B3786BA454A}.Debug|Any CPU.Build.0 = Debug|Any CPU
		{0B858295-DEBF-4E0E-B61F-9B3786BA454A}.Release|Any CPU.ActiveCfg = Release|Any CPU
		{0B858295-DEBF-4E0E-B61F-9B3786BA454A}.Release|Any CPU.Build.0 = Release|Any CPU
		{08AD4806-B5F5-43D8-8E4C-33671ABB3C95}.Debug|Any CPU.ActiveCfg = Debug|Any CPU
		{08AD4806-B5F5-43D8-8E4C-33671ABB3C95}.Debug|Any CPU.Build.0 = Debug|Any CPU
		{08AD4806-B5F5-43D8-8E4C-33671ABB3C95}.Release|Any CPU.ActiveCfg = Release|Any CPU
		{08AD4806-B5F5-43D8-8E4C-33671ABB3C95}.Release|Any CPU.Build.0 = Release|Any CPU
		{45B2558D-9FE0-47CD-9BBD-4C3B3CBDB82C}.Debug|Any CPU.ActiveCfg = Debug|Any CPU
		{45B2558D-9FE0-47CD-9BBD-4C3B3CBDB82C}.Debug|Any CPU.Build.0 = Debug|Any CPU
		{45B2558D-9FE0-47CD-9BBD-4C3B3CBDB82C}.Release|Any CPU.ActiveCfg = Release|Any CPU
		{45B2558D-9FE0-47CD-9BBD-4C3B3CBDB82C}.Release|Any CPU.Build.0 = Release|Any CPU
		{51674AEC-4D29-4D8A-976D-1CACA510C1C3}.Debug|Any CPU.ActiveCfg = Debug|Any CPU
		{51674AEC-4D29-4D8A-976D-1CACA510C1C3}.Debug|Any CPU.Build.0 = Debug|Any CPU
		{51674AEC-4D29-4D8A-976D-1CACA510C1C3}.Release|Any CPU.ActiveCfg = Release|Any CPU
		{51674AEC-4D29-4D8A-976D-1CACA510C1C3}.Release|Any CPU.Build.0 = Release|Any CPU
		{B297C7EA-7B8E-4F38-BE77-E1D91D7D9001}.Debug|Any CPU.ActiveCfg = Debug|Any CPU
		{B297C7EA-7B8E-4F38-BE77-E1D91D7D9001}.Debug|Any CPU.Build.0 = Debug|Any CPU
		{B297C7EA-7B8E-4F38-BE77-E1D91D7D9001}.Release|Any CPU.ActiveCfg = Release|Any CPU
		{B297C7EA-7B8E-4F38-BE77-E1D91D7D9001}.Release|Any CPU.Build.0 = Release|Any CPU
		{5733B88C-C472-4BBA-B0B2-5BB789D458A0}.Debug|Any CPU.ActiveCfg = Debug|Any CPU
		{5733B88C-C472-4BBA-B0B2-5BB789D458A0}.Debug|Any CPU.Build.0 = Debug|Any CPU
		{5733B88C-C472-4BBA-B0B2-5BB789D458A0}.Release|Any CPU.ActiveCfg = Release|Any CPU
		{5733B88C-C472-4BBA-B0B2-5BB789D458A0}.Release|Any CPU.Build.0 = Release|Any CPU
		{BA525778-BB4B-4C56-8B4B-9635D51298A3}.Debug|Any CPU.ActiveCfg = Debug|Any CPU
		{BA525778-BB4B-4C56-8B4B-9635D51298A3}.Debug|Any CPU.Build.0 = Debug|Any CPU
		{BA525778-BB4B-4C56-8B4B-9635D51298A3}.Release|Any CPU.ActiveCfg = Release|Any CPU
		{BA525778-BB4B-4C56-8B4B-9635D51298A3}.Release|Any CPU.Build.0 = Release|Any CPU
		{16509866-FFAE-4C05-BC0F-CFE18DAE70B9}.Debug|Any CPU.ActiveCfg = Debug|Any CPU
		{16509866-FFAE-4C05-BC0F-CFE18DAE70B9}.Debug|Any CPU.Build.0 = Debug|Any CPU
		{16509866-FFAE-4C05-BC0F-CFE18DAE70B9}.Release|Any CPU.ActiveCfg = Release|Any CPU
		{16509866-FFAE-4C05-BC0F-CFE18DAE70B9}.Release|Any CPU.Build.0 = Release|Any CPU
		{02E0A6C0-D428-478A-9435-A92266EC8280}.Debug|Any CPU.ActiveCfg = Debug|Any CPU
		{02E0A6C0-D428-478A-9435-A92266EC8280}.Debug|Any CPU.Build.0 = Debug|Any CPU
		{02E0A6C0-D428-478A-9435-A92266EC8280}.Release|Any CPU.ActiveCfg = Release|Any CPU
		{02E0A6C0-D428-478A-9435-A92266EC8280}.Release|Any CPU.Build.0 = Release|Any CPU
	EndGlobalSection
	GlobalSection(SolutionProperties) = preSolution
		HideSolutionNode = FALSE
	EndGlobalSection
	GlobalSection(NestedProjects) = preSolution
		{0FCBBA3D-6EB0-4EB2-8B84-36845C33C074} = {066C0F1D-42D8-4AF8-BCBC-6849B54CDD13}
		{0B858295-DEBF-4E0E-B61F-9B3786BA454A} = {0FCBBA3D-6EB0-4EB2-8B84-36845C33C074}
		{08AD4806-B5F5-43D8-8E4C-33671ABB3C95} = {1B7A889C-6AB8-44DC-AD0F-241BC15ECEE1}
		{2892F038-566D-4EF1-99CD-E5870C42E00F} = {066C0F1D-42D8-4AF8-BCBC-6849B54CDD13}
		{51674AEC-4D29-4D8A-976D-1CACA510C1C3} = {2892F038-566D-4EF1-99CD-E5870C42E00F}
		{BBBBDBEE-B3EB-463B-A342-A0FFBD745049} = {066C0F1D-42D8-4AF8-BCBC-6849B54CDD13}
		{B297C7EA-7B8E-4F38-BE77-E1D91D7D9001} = {BBBBDBEE-B3EB-463B-A342-A0FFBD745049}
		{D61E5954-5FBB-4A14-A0EE-B2BC257F8C77} = {066C0F1D-42D8-4AF8-BCBC-6849B54CDD13}
		{5733B88C-C472-4BBA-B0B2-5BB789D458A0} = {D61E5954-5FBB-4A14-A0EE-B2BC257F8C77}
		{BA525778-BB4B-4C56-8B4B-9635D51298A3} = {D61E5954-5FBB-4A14-A0EE-B2BC257F8C77}
		{16509866-FFAE-4C05-BC0F-CFE18DAE70B9} = {D61E5954-5FBB-4A14-A0EE-B2BC257F8C77}
		{02E0A6C0-D428-478A-9435-A92266EC8280} = {D61E5954-5FBB-4A14-A0EE-B2BC257F8C77}
	EndGlobalSection
	GlobalSection(ExtensibilityGlobals) = postSolution
		SolutionGuid = {65079BCF-A17F-4646-A8EA-2527428DD5A0}
	EndGlobalSection
EndGlobal
